
Microsoft Visual Studio Solution File, Format Version 12.00
# Visual Studio 15
VisualStudioVersion = 15.0.28010.2003
MinimumVisualStudioVersion = 10.0.40219.1
Project("{FAE04EC0-301F-11D3-BF4B-00C04F79EFBC}") = "day-24", "day-24\day-24.csproj", "{A124A922-8F28-41A6-8C6C-AD2979B34627}"
EndProject
Global
	GlobalSection(SolutionConfigurationPlatforms) = preSolution
		Debug|Any CPU = Debug|Any CPU
		Release|Any CPU = Release|Any CPU
	EndGlobalSection
	GlobalSection(ProjectConfigurationPlatforms) = postSolution
		{A124A922-8F28-41A6-8C6C-AD2979B34627}.Debug|Any CPU.ActiveCfg = Debug|Any CPU
		{A124A922-8F28-41A6-8C6C-AD2979B34627}.Debug|Any CPU.Build.0 = Debug|Any CPU
		{A124A922-8F28-41A6-8C6C-AD2979B34627}.Release|Any CPU.ActiveCfg = Release|Any CPU
		{A124A922-8F28-41A6-8C6C-AD2979B34627}.Release|Any CPU.Build.0 = Release|Any CPU
	EndGlobalSection
	GlobalSection(SolutionProperties) = preSolution
		HideSolutionNode = FALSE
	EndGlobalSection
	GlobalSection(ExtensibilityGlobals) = postSolution
		SolutionGuid = {D714F876-A848-40E4-B48D-63D4D758D56C}
	EndGlobalSection
EndGlobal
